
Microsoft Visual Studio Solution File, Format Version 12.00
# Visual Studio Version 17
VisualStudioVersion = 17.4.33103.184
MinimumVisualStudioVersion = 10.0.40219.1
Project("{8BC9CEB8-8B4A-11D0-8D11-00A0C91BC942}") = "oop_proj4", "oop_proj4\oop_proj4.vcxproj", "{747E2DCA-A324-4742-86FE-B5886AE3DDD5}"
EndProject
Global
	GlobalSection(SolutionConfigurationPlatforms) = preSolution
		Debug|x64 = Debug|x64
		Debug|x86 = Debug|x86
		Release|x64 = Release|x64
		Release|x86 = Release|x86
	EndGlobalSection
	GlobalSection(ProjectConfigurationPlatforms) = postSolution
		{747E2DCA-A324-4742-86FE-B5886AE3DDD5}.Debug|x64.ActiveCfg = Debug|x64
		{747E2DCA-A324-4742-86FE-B5886AE3DDD5}.Debug|x64.Build.0 = Debug|x64
		{747E2DCA-A324-4742-86FE-B5886AE3DDD5}.Debug|x86.ActiveCfg = Debug|Win32
		{747E2DCA-A324-4742-86FE-B5886AE3DDD5}.Debug|x86.Build.0 = Debug|Win32
		{747E2DCA-A324-4742-86FE-B5886AE3DDD5}.Release|x64.ActiveCfg = Release|x64
		{747E2DCA-A324-4742-86FE-B5886AE3DDD5}.Release|x64.Build.0 = Release|x64
		{747E2DCA-A324-4742-86FE-B5886AE3DDD5}.Release|x86.ActiveCfg = Release|Win32
		{747E2DCA-A324-4742-86FE-B5886AE3DDD5}.Release|x86.Build.0 = Release|Win32
	EndGlobalSection
	GlobalSection(SolutionProperties) = preSolution
		HideSolutionNode = FALSE
	EndGlobalSection
	GlobalSection(ExtensibilityGlobals) = postSolution
		SolutionGuid = {F0D3F606-3F34-4295-A42A-3910043B95AC}
	EndGlobalSection
EndGlobal
